{
  "name": "purescript-apollo",
  "version": "0.0.1",
  "lockfileVersion": 1,
  "requires": true,
  "dependencies": {
    "@apollo/react-common": {
      "version": "3.1.3",
      "resolved": "https://registry.npmjs.org/@apollo/react-common/-/react-common-3.1.3.tgz",
      "integrity": "sha512-Q7ZjDOeqjJf/AOGxUMdGxKF+JVClRXrYBGVq+SuVFqANRpd68MxtVV2OjCWavsFAN0eqYnRqRUrl7vtUCiJqeg==",
      "requires": {
        "ts-invariant": "^0.4.4",
        "tslib": "^1.10.0"
      }
    },
    "@apollo/react-hooks": {
      "version": "3.1.3",
      "resolved": "https://registry.npmjs.org/@apollo/react-hooks/-/react-hooks-3.1.3.tgz",
      "integrity": "sha512-reIRO9xKdfi+B4gT/o/hnXuopUnm7WED/ru8VQydPw+C/KG/05Ssg1ZdxFKHa3oxwiTUIDnevtccIH35POanbA==",
      "requires": {
        "@apollo/react-common": "^3.1.3",
        "@wry/equality": "^0.1.9",
        "ts-invariant": "^0.4.4",
        "tslib": "^1.10.0"
      }
    },
    "@wry/equality": {
      "version": "0.1.9",
      "resolved": "https://registry.npmjs.org/@wry/equality/-/equality-0.1.9.tgz",
      "integrity": "sha512-mB6ceGjpMGz1ZTza8HYnrPGos2mC6So4NhS1PtZ8s4Qt0K7fBiIGhpSxUbQmhwcSWE3no+bYxmI2OL6KuXYmoQ==",
      "requires": {
        "tslib": "^1.9.3"
      }
    },
    "ts-invariant": {
      "version": "0.4.4",
      "resolved": "https://registry.npmjs.org/ts-invariant/-/ts-invariant-0.4.4.tgz",
      "integrity": "sha512-uEtWkFM/sdZvRNNDL3Ehu4WVpwaulhwQszV8mrtcdeE8nN00BV9mAmQ88RkrBhFgl9gMgvjJLAQcZbnPXI9mlA==",
      "requires": {
        "tslib": "^1.9.3"
      }
    },
    "tslib": {
      "version": "1.10.0",
      "resolved": "https://registry.npmjs.org/tslib/-/tslib-1.10.0.tgz",
      "integrity": "sha512-qOebF53frne81cf0S9B41ByenJ3/IuH8yJKngAX35CmiZySA0khhkovshKK+jGCaMnVomla7gVlIcc3EvKPbTQ=="
    }
  }
}
